
Microsoft Visual Studio Solution File, Format Version 12.00
# Visual Studio Version 16
VisualStudioVersion = 16.0.30907.101
MinimumVisualStudioVersion = 10.0.40219.1
Project("{FAE04EC0-301F-11D3-BF4B-00C04F79EFBC}") = "PassGen", "PassGen.csproj", "{B552CA1C-C22D-44C2-8A47-05A370528854}"
EndProject
Global
	GlobalSection(SolutionConfigurationPlatforms) = preSolution
		Debug|Any CPU = Debug|Any CPU
		Release|Any CPU = Release|Any CPU
	EndGlobalSection
	GlobalSection(ProjectConfigurationPlatforms) = postSolution
		{B552CA1C-C22D-44C2-8A47-05A370528854}.Debug|Any CPU.ActiveCfg = Debug|Any CPU
		{B552CA1C-C22D-44C2-8A47-05A370528854}.Debug|Any CPU.Build.0 = Debug|Any CPU
		{B552CA1C-C22D-44C2-8A47-05A370528854}.Release|Any CPU.ActiveCfg = Release|Any CPU
		{B552CA1C-C22D-44C2-8A47-05A370528854}.Release|Any CPU.Build.0 = Release|Any CPU
	EndGlobalSection
	GlobalSection(SolutionProperties) = preSolution
		HideSolutionNode = FALSE
	EndGlobalSection
	GlobalSection(ExtensibilityGlobals) = postSolution
		SolutionGuid = {6436142F-2847-4DAA-8808-B2AA292CBBB2}
	EndGlobalSection
EndGlobal
